
Microsoft Visual Studio Solution File, Format Version 12.00
# Visual Studio 15
VisualStudioVersion = 15.0.28307.572
MinimumVisualStudioVersion = 10.0.40219.1
Project("{FAE04EC0-301F-11D3-BF4B-00C04F79EFBC}") = "Sharp1", "Sharp1\Sharp1.csproj", "{B574B829-FDF6-4570-B37E-C3224B333BB2}"
EndProject
Project("{888888A0-9F3D-457C-B088-3A5042F75D52}") = "Python1", "Python1\Python1.pyproj", "{6B93EC8E-61EB-4FD9-BE5E-27EB76B32B90}"
EndProject
Global
	GlobalSection(SolutionConfigurationPlatforms) = preSolution
		Debug|Any CPU = Debug|Any CPU
		Release|Any CPU = Release|Any CPU
	EndGlobalSection
	GlobalSection(ProjectConfigurationPlatforms) = postSolution
		{B574B829-FDF6-4570-B37E-C3224B333BB2}.Debug|Any CPU.ActiveCfg = Debug|Any CPU
		{B574B829-FDF6-4570-B37E-C3224B333BB2}.Debug|Any CPU.Build.0 = Debug|Any CPU
		{B574B829-FDF6-4570-B37E-C3224B333BB2}.Release|Any CPU.ActiveCfg = Release|Any CPU
		{B574B829-FDF6-4570-B37E-C3224B333BB2}.Release|Any CPU.Build.0 = Release|Any CPU
		{6B93EC8E-61EB-4FD9-BE5E-27EB76B32B90}.Debug|Any CPU.ActiveCfg = Debug|Any CPU
		{6B93EC8E-61EB-4FD9-BE5E-27EB76B32B90}.Release|Any CPU.ActiveCfg = Release|Any CPU
	EndGlobalSection
	GlobalSection(SolutionProperties) = preSolution
		HideSolutionNode = FALSE
	EndGlobalSection
	GlobalSection(ExtensibilityGlobals) = postSolution
		SolutionGuid = {130BB10C-3B67-460C-9F89-A31C911FAF6A}
	EndGlobalSection
EndGlobal
